{
  "name": "review-service",
  "version": "1.0.0",
  "lockfileVersion": 1,
  "requires": true,
  "dependencies": {
    "@aws-cdk/assets": {
      "version": "1.87.0",
      "resolved": "https://registry.npmjs.org/@aws-cdk/assets/-/assets-1.87.0.tgz",
      "integrity": "sha512-50b7KBphIyAWhLkBp57wxhhTyGgiJLOF/drz0G91ONmIY/JSrka4e59mOBV/e9vd9D8kLcmlbzv1rUY1Aj36Vg==",
      "requires": {
        "@aws-cdk/core": "1.87.0",
        "@aws-cdk/cx-api": "1.87.0",
        "constructs": "^3.2.0"
      }
    },
    "@aws-cdk/aws-apigateway": {
      "version": "1.87.0",
      "resolved": "https://registry.npmjs.org/@aws-cdk/aws-apigateway/-/aws-apigateway-1.87.0.tgz",
      "integrity": "sha512-777fCwWsh0c61URAVhkoLjhsXZdkJCfov087Gs6y3dL5KWbOVwKt4kPTnVEXgxnfd7CCR4LXPD28f3P/MxUkcA==",
      "requires": {
        "@aws-cdk/aws-certificatemanager": "1.87.0",
        "@aws-cdk/aws-cloudwatch": "1.87.0",
        "@aws-cdk/aws-ec2": "1.87.0",
        "@aws-cdk/aws-elasticloadbalancingv2": "1.87.0",
        "@aws-cdk/aws-iam": "1.87.0",
        "@aws-cdk/aws-lambda": "1.87.0",
        "@aws-cdk/aws-logs": "1.87.0",
        "@aws-cdk/aws-s3": "1.87.0",
        "@aws-cdk/aws-s3-assets": "1.87.0",
        "@aws-cdk/core": "1.87.0",
        "@aws-cdk/cx-api": "1.87.0",
        "constructs": "^3.2.0"
      }
    },
    "@aws-cdk/aws-applicationautoscaling": {
      "version": "1.87.0",
      "resolved": "https://registry.npmjs.org/@aws-cdk/aws-applicationautoscaling/-/aws-applicationautoscaling-1.87.0.tgz",
      "integrity": "sha512-36Lxyop7ld8IgFA0cMTQm8sobO8DSnTWO4oP8bM3civ8n2U4BMFs00z4A7crVrmxuvMxGtv/O5uD3hQ4w8kWRg==",
      "requires": {
        "@aws-cdk/aws-autoscaling-common": "1.87.0",
        "@aws-cdk/aws-cloudwatch": "1.87.0",
        "@aws-cdk/aws-iam": "1.87.0",
        "@aws-cdk/core": "1.87.0",
        "constructs": "^3.2.0"
      }
    },
    "@aws-cdk/aws-autoscaling-common": {
      "version": "1.87.0",
      "resolved": "https://registry.npmjs.org/@aws-cdk/aws-autoscaling-common/-/aws-autoscaling-common-1.87.0.tgz",
      "integrity": "sha512-xNssWMeuNaMp4WPBkjtrrYozdbAAvkUj/GG0ZeY+HKATuOHTw66JvGZJhQD//LbCq2uAeJ3SkX24GWVzf5DCyg==",
      "requires": {
        "@aws-cdk/aws-iam": "1.87.0",
        "@aws-cdk/core": "1.87.0",
        "constructs": "^3.2.0"
      }
    },
    "@aws-cdk/aws-certificatemanager": {
      "version": "1.87.0",
      "resolved": "https://registry.npmjs.org/@aws-cdk/aws-certificatemanager/-/aws-certificatemanager-1.87.0.tgz",
      "integrity": "sha512-nEFurFTuyXerbeNG9Bk5pnGJffjEXkAtYb2XrceDMFgDNPD5oT2zJE/158FF9XPcNAahNlEF5eGoW79+7wdPqQ==",
      "requires": {
        "@aws-cdk/aws-iam": "1.87.0",
        "@aws-cdk/aws-lambda": "1.87.0",
        "@aws-cdk/aws-route53": "1.87.0",
        "@aws-cdk/core": "1.87.0",
        "constructs": "^3.2.0"
      }
    },
    "@aws-cdk/aws-cloudformation": {
      "version": "1.87.0",
      "resolved": "https://registry.npmjs.org/@aws-cdk/aws-cloudformation/-/aws-cloudformation-1.87.0.tgz",
      "integrity": "sha512-eyxDDngL9qsG9xmskXuHiQ8xreU2MOtULGm1gkNcImVQTquWseEQ3tKR4kh7NhsvKFON/82hI1Uy0igEgzjjPQ==",
      "requires": {
        "@aws-cdk/aws-iam": "1.87.0",
        "@aws-cdk/aws-lambda": "1.87.0",
        "@aws-cdk/aws-s3": "1.87.0",
        "@aws-cdk/aws-sns": "1.87.0",
        "@aws-cdk/core": "1.87.0",
        "@aws-cdk/cx-api": "1.87.0",
        "constructs": "^3.2.0"
      }
    },
    "@aws-cdk/aws-cloudwatch": {
      "version": "1.87.0",
      "resolved": "https://registry.npmjs.org/@aws-cdk/aws-cloudwatch/-/aws-cloudwatch-1.87.0.tgz",
      "integrity": "sha512-gMwyCp0JcbKlOuRdQeHHb2TlkRH9fgudQuHAvXyNiqP7C+5I+hKGNmfTplGtdyTi0frq7RIo5tOJmOH+OHRYwQ==",
      "requires": {
        "@aws-cdk/aws-iam": "1.87.0",
        "@aws-cdk/core": "1.87.0",
        "constructs": "^3.2.0"
      }
    },
    "@aws-cdk/aws-codeguruprofiler": {
      "version": "1.87.0",
      "resolved": "https://registry.npmjs.org/@aws-cdk/aws-codeguruprofiler/-/aws-codeguruprofiler-1.87.0.tgz",
      "integrity": "sha512-MMyGU/+2yDa3ojS3od0vf2kFZ9IYKUnPjySOCvu5f3APJ6u9I6zaV2OybUxJQ8WwaEjTTcwEQ5iuzvP8LjCvWw==",
      "requires": {
        "@aws-cdk/aws-iam": "1.87.0",
        "@aws-cdk/core": "1.87.0",
        "constructs": "^3.2.0"
      }
    },
    "@aws-cdk/aws-dynamodb": {
      "version": "1.87.0",
      "resolved": "https://registry.npmjs.org/@aws-cdk/aws-dynamodb/-/aws-dynamodb-1.87.0.tgz",
      "integrity": "sha512-Fwg+Hwe2qZcPqM/gjHHbsLGoRedJTqmVP6stjK+FNslNK3hknWTHqoAUfWtDSY+q8KyIdhZjOd/DKCQsr1+dLw==",
      "requires": {
        "@aws-cdk/aws-applicationautoscaling": "1.87.0",
        "@aws-cdk/aws-cloudwatch": "1.87.0",
        "@aws-cdk/aws-iam": "1.87.0",
        "@aws-cdk/aws-kms": "1.87.0",
        "@aws-cdk/aws-lambda": "1.87.0",
        "@aws-cdk/core": "1.87.0",
        "@aws-cdk/custom-resources": "1.87.0",
        "constructs": "^3.2.0"
      }
    },
    "@aws-cdk/aws-ec2": {
      "version": "1.87.0",
      "resolved": "https://registry.npmjs.org/@aws-cdk/aws-ec2/-/aws-ec2-1.87.0.tgz",
      "integrity": "sha512-NH3Jx8/TerpJ5tXDY6vceKYNoHQj8CuGFXj5X7Sa8St935ymird7yb1ePGjRkVZVocTnY3uC64Vy0+jHBXUDJQ==",
      "requires": {
        "@aws-cdk/aws-cloudwatch": "1.87.0",
        "@aws-cdk/aws-iam": "1.87.0",
        "@aws-cdk/aws-kms": "1.87.0",
        "@aws-cdk/aws-logs": "1.87.0",
        "@aws-cdk/aws-s3": "1.87.0",
        "@aws-cdk/aws-s3-assets": "1.87.0",
        "@aws-cdk/aws-ssm": "1.87.0",
        "@aws-cdk/cloud-assembly-schema": "1.87.0",
        "@aws-cdk/core": "1.87.0",
        "@aws-cdk/cx-api": "1.87.0",
        "@aws-cdk/region-info": "1.87.0",
        "constructs": "^3.2.0"
      }
    },
    "@aws-cdk/aws-ecr": {
      "version": "1.87.0",
      "resolved": "https://registry.npmjs.org/@aws-cdk/aws-ecr/-/aws-ecr-1.87.0.tgz",
      "integrity": "sha512-4sHfmt9/9Ic6GuZB1U5tR4tRlmc2LCwHjSSFSma9/qp/EGMW99ZpQrdK2gdvRrAjvM4P7qWjDDR70f2cfhNJkg==",
      "requires": {
        "@aws-cdk/aws-events": "1.87.0",
        "@aws-cdk/aws-iam": "1.87.0",
        "@aws-cdk/core": "1.87.0",
        "constructs": "^3.2.0"
      }
    },
    "@aws-cdk/aws-ecr-assets": {
      "version": "1.87.0",
      "resolved": "https://registry.npmjs.org/@aws-cdk/aws-ecr-assets/-/aws-ecr-assets-1.87.0.tgz",
      "integrity": "sha512-rbjVQffRxl/YPbm9bpUCd1VL89PdYLZmUJ3VIaXilJuqbBGwRHpWrH4RguH9rRfK4SRxoR9vOGq1952Vjr/phw==",
      "requires": {
        "@aws-cdk/assets": "1.87.0",
        "@aws-cdk/aws-ecr": "1.87.0",
        "@aws-cdk/aws-iam": "1.87.0",
        "@aws-cdk/aws-s3": "1.87.0",
        "@aws-cdk/core": "1.87.0",
        "@aws-cdk/cx-api": "1.87.0",
        "constructs": "^3.2.0",
        "minimatch": "^3.0.4"
      },
      "dependencies": {
        "balanced-match": {
          "version": "1.0.0",
          "bundled": true
        },
        "brace-expansion": {
          "version": "1.1.11",
          "bundled": true,
          "requires": {
            "balanced-match": "^1.0.0",
            "concat-map": "0.0.1"
          }
        },
        "concat-map": {
          "version": "0.0.1",
          "bundled": true
        },
        "minimatch": {
          "version": "3.0.4",
          "bundled": true,
          "requires": {
            "brace-expansion": "^1.1.7"
          }
        }
      }
    },
    "@aws-cdk/aws-efs": {
      "version": "1.87.0",
      "resolved": "https://registry.npmjs.org/@aws-cdk/aws-efs/-/aws-efs-1.87.0.tgz",
      "integrity": "sha512-cAILNgy2je0z0inLEa/hGyaE8ZBQ+anGdn1l7/G6t9R3UMof08K7YXvnB71wjlBkNg6Bn1KSHB8EvuQjcHqxjQ==",
      "requires": {
        "@aws-cdk/aws-ec2": "1.87.0",
        "@aws-cdk/aws-kms": "1.87.0",
        "@aws-cdk/cloud-assembly-schema": "1.87.0",
        "@aws-cdk/core": "1.87.0",
        "@aws-cdk/cx-api": "1.87.0",
        "constructs": "^3.2.0"
      }
    },
    "@aws-cdk/aws-elasticloadbalancingv2": {
      "version": "1.87.0",
      "resolved": "https://registry.npmjs.org/@aws-cdk/aws-elasticloadbalancingv2/-/aws-elasticloadbalancingv2-1.87.0.tgz",
      "integrity": "sha512-Zs3lSzEgOgIZrCSkuMt0jPl2MTlxWfQHDwqZvXKwKab40UhQ5E1h3brtWY5U2RoUdPPDySa4Dpkjq9uLzOuT7Q==",
      "requires": {
        "@aws-cdk/aws-certificatemanager": "1.87.0",
        "@aws-cdk/aws-cloudwatch": "1.87.0",
        "@aws-cdk/aws-ec2": "1.87.0",
        "@aws-cdk/aws-iam": "1.87.0",
        "@aws-cdk/aws-lambda": "1.87.0",
        "@aws-cdk/aws-s3": "1.87.0",
        "@aws-cdk/cloud-assembly-schema": "1.87.0",
        "@aws-cdk/core": "1.87.0",
        "@aws-cdk/cx-api": "1.87.0",
        "@aws-cdk/region-info": "1.87.0",
        "constructs": "^3.2.0"
      }
    },
    "@aws-cdk/aws-events": {
      "version": "1.87.0",
      "resolved": "https://registry.npmjs.org/@aws-cdk/aws-events/-/aws-events-1.87.0.tgz",
      "integrity": "sha512-HP4r6qqRJgLRvRN+tphhdYPKo5hJFdneKWFULxRyHTGj/MhpcorkSKSlDaacDimAq9O/QvBCO9agflSYNAY97g==",
      "requires": {
        "@aws-cdk/aws-iam": "1.87.0",
        "@aws-cdk/core": "1.87.0",
        "constructs": "^3.2.0"
      }
    },
    "@aws-cdk/aws-iam": {
      "version": "1.87.0",
      "resolved": "https://registry.npmjs.org/@aws-cdk/aws-iam/-/aws-iam-1.87.0.tgz",
      "integrity": "sha512-WX0bXC79++fee/yhPSMWmeibkYOxwfIfmFLa8z3Ig3vt7knC//vLwvc5RmEfqBUyiVGFjGAEiDBDPt+vrQU4jw==",
      "requires": {
        "@aws-cdk/core": "1.87.0",
        "@aws-cdk/region-info": "1.87.0",
        "constructs": "^3.2.0"
      }
    },
    "@aws-cdk/aws-kms": {
      "version": "1.87.0",
      "resolved": "https://registry.npmjs.org/@aws-cdk/aws-kms/-/aws-kms-1.87.0.tgz",
      "integrity": "sha512-gAOAV96tkuT04g8fnpPBKaYE5lbiP3FceLYcI9FHI/kPl8BfRQEPKMf6wniwpdhXiPX2Rc8GzfBZtPLjpFfoPQ==",
      "requires": {
        "@aws-cdk/aws-iam": "1.87.0",
        "@aws-cdk/core": "1.87.0",
        "@aws-cdk/cx-api": "1.87.0",
        "constructs": "^3.2.0"
      }
    },
    "@aws-cdk/aws-lambda": {
      "version": "1.87.0",
      "resolved": "https://registry.npmjs.org/@aws-cdk/aws-lambda/-/aws-lambda-1.87.0.tgz",
      "integrity": "sha512-ZKG65feemY3RuszbWOph8GxeIdLXyTZDj5qmLPdcU2QCfXsO+0kL+Zdf9wHyQQUk3IKF5Fsw+bvZbYXaZ8GARA==",
      "requires": {
        "@aws-cdk/aws-applicationautoscaling": "1.87.0",
        "@aws-cdk/aws-cloudwatch": "1.87.0",
        "@aws-cdk/aws-codeguruprofiler": "1.87.0",
        "@aws-cdk/aws-ec2": "1.87.0",
        "@aws-cdk/aws-ecr": "1.87.0",
        "@aws-cdk/aws-ecr-assets": "1.87.0",
        "@aws-cdk/aws-efs": "1.87.0",
        "@aws-cdk/aws-events": "1.87.0",
        "@aws-cdk/aws-iam": "1.87.0",
        "@aws-cdk/aws-kms": "1.87.0",
        "@aws-cdk/aws-logs": "1.87.0",
        "@aws-cdk/aws-s3": "1.87.0",
        "@aws-cdk/aws-s3-assets": "1.87.0",
        "@aws-cdk/aws-sqs": "1.87.0",
        "@aws-cdk/core": "1.87.0",
        "@aws-cdk/cx-api": "1.87.0",
        "constructs": "^3.2.0"
      }
    },
    "@aws-cdk/aws-lambda-nodejs": {
      "version": "1.87.0",
      "resolved": "https://registry.npmjs.org/@aws-cdk/aws-lambda-nodejs/-/aws-lambda-nodejs-1.87.0.tgz",
      "integrity": "sha512-lCiZbp2xmMLydAYJ9KpaHXkpoeYRsdJ+lc2hJAvsfKy8Li10d1zIJ+zxBmw+OLrXDA5tKEISL/ZKzVXnws0QYQ==",
      "requires": {
        "@aws-cdk/aws-lambda": "1.87.0",
        "@aws-cdk/core": "1.87.0",
        "constructs": "^3.2.0"
      },
      "dependencies": {
        "@aws-cdk/assets": {
          "version": "1.87.0",
          "resolved": "https://registry.npmjs.org/@aws-cdk/assets/-/assets-1.87.0.tgz",
          "integrity": "sha512-50b7KBphIyAWhLkBp57wxhhTyGgiJLOF/drz0G91ONmIY/JSrka4e59mOBV/e9vd9D8kLcmlbzv1rUY1Aj36Vg==",
          "requires": {
            "@aws-cdk/core": "1.87.0",
            "@aws-cdk/cx-api": "1.87.0",
            "constructs": "^3.2.0"
          }
        },
        "@aws-cdk/aws-applicationautoscaling": {
          "version": "1.87.0",
          "resolved": "https://registry.npmjs.org/@aws-cdk/aws-applicationautoscaling/-/aws-applicationautoscaling-1.87.0.tgz",
          "integrity": "sha512-36Lxyop7ld8IgFA0cMTQm8sobO8DSnTWO4oP8bM3civ8n2U4BMFs00z4A7crVrmxuvMxGtv/O5uD3hQ4w8kWRg==",
          "requires": {
            "@aws-cdk/aws-autoscaling-common": "1.87.0",
            "@aws-cdk/aws-cloudwatch": "1.87.0",
            "@aws-cdk/aws-iam": "1.87.0",
            "@aws-cdk/core": "1.87.0",
            "constructs": "^3.2.0"
          }
        },
        "@aws-cdk/aws-autoscaling-common": {
          "version": "1.87.0",
          "resolved": "https://registry.npmjs.org/@aws-cdk/aws-autoscaling-common/-/aws-autoscaling-common-1.87.0.tgz",
          "integrity": "sha512-xNssWMeuNaMp4WPBkjtrrYozdbAAvkUj/GG0ZeY+HKATuOHTw66JvGZJhQD//LbCq2uAeJ3SkX24GWVzf5DCyg==",
          "requires": {
            "@aws-cdk/aws-iam": "1.87.0",
            "@aws-cdk/core": "1.87.0",
            "constructs": "^3.2.0"
          }
        },
        "@aws-cdk/aws-cloudwatch": {
          "version": "1.87.0",
          "resolved": "https://registry.npmjs.org/@aws-cdk/aws-cloudwatch/-/aws-cloudwatch-1.87.0.tgz",
          "integrity": "sha512-gMwyCp0JcbKlOuRdQeHHb2TlkRH9fgudQuHAvXyNiqP7C+5I+hKGNmfTplGtdyTi0frq7RIo5tOJmOH+OHRYwQ==",
          "requires": {
            "@aws-cdk/aws-iam": "1.87.0",
            "@aws-cdk/core": "1.87.0",
            "constructs": "^3.2.0"
          }
        },
        "@aws-cdk/aws-codeguruprofiler": {
          "version": "1.87.0",
          "resolved": "https://registry.npmjs.org/@aws-cdk/aws-codeguruprofiler/-/aws-codeguruprofiler-1.87.0.tgz",
          "integrity": "sha512-MMyGU/+2yDa3ojS3od0vf2kFZ9IYKUnPjySOCvu5f3APJ6u9I6zaV2OybUxJQ8WwaEjTTcwEQ5iuzvP8LjCvWw==",
          "requires": {
            "@aws-cdk/aws-iam": "1.87.0",
            "@aws-cdk/core": "1.87.0",
            "constructs": "^3.2.0"
          }
        },
        "@aws-cdk/aws-ec2": {
          "version": "1.87.0",
          "resolved": "https://registry.npmjs.org/@aws-cdk/aws-ec2/-/aws-ec2-1.87.0.tgz",
          "integrity": "sha512-NH3Jx8/TerpJ5tXDY6vceKYNoHQj8CuGFXj5X7Sa8St935ymird7yb1ePGjRkVZVocTnY3uC64Vy0+jHBXUDJQ==",
          "requires": {
            "@aws-cdk/aws-cloudwatch": "1.87.0",
            "@aws-cdk/aws-iam": "1.87.0",
            "@aws-cdk/aws-kms": "1.87.0",
            "@aws-cdk/aws-logs": "1.87.0",
            "@aws-cdk/aws-s3": "1.87.0",
            "@aws-cdk/aws-s3-assets": "1.87.0",
            "@aws-cdk/aws-ssm": "1.87.0",
            "@aws-cdk/cloud-assembly-schema": "1.87.0",
            "@aws-cdk/core": "1.87.0",
            "@aws-cdk/cx-api": "1.87.0",
            "@aws-cdk/region-info": "1.87.0",
            "constructs": "^3.2.0"
          }
        },
        "@aws-cdk/aws-ecr": {
          "version": "1.87.0",
          "resolved": "https://registry.npmjs.org/@aws-cdk/aws-ecr/-/aws-ecr-1.87.0.tgz",
          "integrity": "sha512-4sHfmt9/9Ic6GuZB1U5tR4tRlmc2LCwHjSSFSma9/qp/EGMW99ZpQrdK2gdvRrAjvM4P7qWjDDR70f2cfhNJkg==",
          "requires": {
            "@aws-cdk/aws-events": "1.87.0",
            "@aws-cdk/aws-iam": "1.87.0",
            "@aws-cdk/core": "1.87.0",
            "constructs": "^3.2.0"
          }
        },
        "@aws-cdk/aws-ecr-assets": {
          "version": "1.87.0",
          "resolved": "https://registry.npmjs.org/@aws-cdk/aws-ecr-assets/-/aws-ecr-assets-1.87.0.tgz",
          "integrity": "sha512-rbjVQffRxl/YPbm9bpUCd1VL89PdYLZmUJ3VIaXilJuqbBGwRHpWrH4RguH9rRfK4SRxoR9vOGq1952Vjr/phw==",
          "requires": {
            "@aws-cdk/assets": "1.87.0",
            "@aws-cdk/aws-ecr": "1.87.0",
            "@aws-cdk/aws-iam": "1.87.0",
            "@aws-cdk/aws-s3": "1.87.0",
            "@aws-cdk/core": "1.87.0",
            "@aws-cdk/cx-api": "1.87.0",
            "constructs": "^3.2.0",
            "minimatch": "^3.0.4"
          },
          "dependencies": {
            "balanced-match": {
              "version": "1.0.0",
              "bundled": true
            },
            "brace-expansion": {
              "version": "1.1.11",
              "bundled": true,
              "requires": {
                "balanced-match": "^1.0.0",
                "concat-map": "0.0.1"
              }
            },
            "concat-map": {
              "version": "0.0.1",
              "bundled": true
            },
            "minimatch": {
              "version": "3.0.4",
              "bundled": true,
              "requires": {
                "brace-expansion": "^1.1.7"
              }
            }
          }
        },
        "@aws-cdk/aws-efs": {
          "version": "1.87.0",
          "resolved": "https://registry.npmjs.org/@aws-cdk/aws-efs/-/aws-efs-1.87.0.tgz",
          "integrity": "sha512-cAILNgy2je0z0inLEa/hGyaE8ZBQ+anGdn1l7/G6t9R3UMof08K7YXvnB71wjlBkNg6Bn1KSHB8EvuQjcHqxjQ==",
          "requires": {
            "@aws-cdk/aws-ec2": "1.87.0",
            "@aws-cdk/aws-kms": "1.87.0",
            "@aws-cdk/cloud-assembly-schema": "1.87.0",
            "@aws-cdk/core": "1.87.0",
            "@aws-cdk/cx-api": "1.87.0",
            "constructs": "^3.2.0"
          }
        },
        "@aws-cdk/aws-events": {
          "version": "1.87.0",
          "resolved": "https://registry.npmjs.org/@aws-cdk/aws-events/-/aws-events-1.87.0.tgz",
          "integrity": "sha512-HP4r6qqRJgLRvRN+tphhdYPKo5hJFdneKWFULxRyHTGj/MhpcorkSKSlDaacDimAq9O/QvBCO9agflSYNAY97g==",
          "requires": {
            "@aws-cdk/aws-iam": "1.87.0",
            "@aws-cdk/core": "1.87.0",
            "constructs": "^3.2.0"
          }
        },
        "@aws-cdk/aws-iam": {
          "version": "1.87.0",
          "resolved": "https://registry.npmjs.org/@aws-cdk/aws-iam/-/aws-iam-1.87.0.tgz",
          "integrity": "sha512-WX0bXC79++fee/yhPSMWmeibkYOxwfIfmFLa8z3Ig3vt7knC//vLwvc5RmEfqBUyiVGFjGAEiDBDPt+vrQU4jw==",
          "requires": {
            "@aws-cdk/core": "1.87.0",
            "@aws-cdk/region-info": "1.87.0",
            "constructs": "^3.2.0"
          }
        },
        "@aws-cdk/aws-kms": {
          "version": "1.87.0",
          "resolved": "https://registry.npmjs.org/@aws-cdk/aws-kms/-/aws-kms-1.87.0.tgz",
          "integrity": "sha512-gAOAV96tkuT04g8fnpPBKaYE5lbiP3FceLYcI9FHI/kPl8BfRQEPKMf6wniwpdhXiPX2Rc8GzfBZtPLjpFfoPQ==",
          "requires": {
            "@aws-cdk/aws-iam": "1.87.0",
            "@aws-cdk/core": "1.87.0",
            "@aws-cdk/cx-api": "1.87.0",
            "constructs": "^3.2.0"
          }
        },
        "@aws-cdk/aws-lambda": {
          "version": "1.87.0",
          "resolved": "https://registry.npmjs.org/@aws-cdk/aws-lambda/-/aws-lambda-1.87.0.tgz",
          "integrity": "sha512-ZKG65feemY3RuszbWOph8GxeIdLXyTZDj5qmLPdcU2QCfXsO+0kL+Zdf9wHyQQUk3IKF5Fsw+bvZbYXaZ8GARA==",
          "requires": {
            "@aws-cdk/aws-applicationautoscaling": "1.87.0",
            "@aws-cdk/aws-cloudwatch": "1.87.0",
            "@aws-cdk/aws-codeguruprofiler": "1.87.0",
            "@aws-cdk/aws-ec2": "1.87.0",
            "@aws-cdk/aws-ecr": "1.87.0",
            "@aws-cdk/aws-ecr-assets": "1.87.0",
            "@aws-cdk/aws-efs": "1.87.0",
            "@aws-cdk/aws-events": "1.87.0",
            "@aws-cdk/aws-iam": "1.87.0",
            "@aws-cdk/aws-kms": "1.87.0",
            "@aws-cdk/aws-logs": "1.87.0",
            "@aws-cdk/aws-s3": "1.87.0",
            "@aws-cdk/aws-s3-assets": "1.87.0",
            "@aws-cdk/aws-sqs": "1.87.0",
            "@aws-cdk/core": "1.87.0",
            "@aws-cdk/cx-api": "1.87.0",
            "constructs": "^3.2.0"
          }
        },
        "@aws-cdk/aws-logs": {
          "version": "1.87.0",
          "resolved": "https://registry.npmjs.org/@aws-cdk/aws-logs/-/aws-logs-1.87.0.tgz",
          "integrity": "sha512-fKAo3s4JvjR3p8LgvLLMQUv2u/UtU8N0FGwF7LRgf6whSuPv7DVPh23MsdQ45kFVo9wc6P9i9RTggtijC0lJLA==",
          "requires": {
            "@aws-cdk/aws-cloudwatch": "1.87.0",
            "@aws-cdk/aws-iam": "1.87.0",
            "@aws-cdk/aws-kms": "1.87.0",
            "@aws-cdk/aws-s3-assets": "1.87.0",
            "@aws-cdk/core": "1.87.0",
            "constructs": "^3.2.0"
          }
        },
        "@aws-cdk/aws-s3": {
          "version": "1.87.0",
          "resolved": "https://registry.npmjs.org/@aws-cdk/aws-s3/-/aws-s3-1.87.0.tgz",
          "integrity": "sha512-vHyGk6vpD7tdBIRpWatNgXvkAN1PCMvVPP0U0YKBI1SRjjcxWfbdsI9UFsf62NkXkc+nrb69S/y5ccm2XnaIew==",
          "requires": {
            "@aws-cdk/aws-events": "1.87.0",
            "@aws-cdk/aws-iam": "1.87.0",
            "@aws-cdk/aws-kms": "1.87.0",
            "@aws-cdk/core": "1.87.0",
            "@aws-cdk/cx-api": "1.87.0",
            "constructs": "^3.2.0"
          }
        },
        "@aws-cdk/aws-s3-assets": {
          "version": "1.87.0",
          "resolved": "https://registry.npmjs.org/@aws-cdk/aws-s3-assets/-/aws-s3-assets-1.87.0.tgz",
          "integrity": "sha512-xBAMaBJ7sQ8yqMj64G0ZvDF6rynKsSqwp5kK22N+Vbsuj1drtuE7CVawpnB0JjdnwPdF+cIlHpjYIm3wfFT19g==",
          "requires": {
            "@aws-cdk/assets": "1.87.0",
            "@aws-cdk/aws-iam": "1.87.0",
            "@aws-cdk/aws-kms": "1.87.0",
            "@aws-cdk/aws-s3": "1.87.0",
            "@aws-cdk/core": "1.87.0",
            "@aws-cdk/cx-api": "1.87.0",
            "constructs": "^3.2.0"
          }
        },
        "@aws-cdk/aws-sqs": {
          "version": "1.87.0",
          "resolved": "https://registry.npmjs.org/@aws-cdk/aws-sqs/-/aws-sqs-1.87.0.tgz",
          "integrity": "sha512-iMC2bMlm0zClKk2zEmVEOFCimj6VLY3KcghNdaXLmTGPdY2O27JcA+qEmQaOf4afXL0ykkyEQUPiTdHnnqsKLg==",
          "requires": {
            "@aws-cdk/aws-cloudwatch": "1.87.0",
            "@aws-cdk/aws-iam": "1.87.0",
            "@aws-cdk/aws-kms": "1.87.0",
            "@aws-cdk/core": "1.87.0",
            "constructs": "^3.2.0"
          }
        },
        "@aws-cdk/aws-ssm": {
          "version": "1.87.0",
          "resolved": "https://registry.npmjs.org/@aws-cdk/aws-ssm/-/aws-ssm-1.87.0.tgz",
          "integrity": "sha512-FSugBXMKj7yqWIqT5mb1Nyis7w59K2QVe3M5gpXCBizADAQU/y0CL3wW7r9sJ3jixWLVGj0G2qm0PgnhIUUOcg==",
          "requires": {
            "@aws-cdk/aws-iam": "1.87.0",
            "@aws-cdk/aws-kms": "1.87.0",
            "@aws-cdk/cloud-assembly-schema": "1.87.0",
            "@aws-cdk/core": "1.87.0",
            "constructs": "^3.2.0"
          }
        },
        "@aws-cdk/cloud-assembly-schema": {
          "version": "1.87.0",
          "resolved": "https://registry.npmjs.org/@aws-cdk/cloud-assembly-schema/-/cloud-assembly-schema-1.87.0.tgz",
          "integrity": "sha512-GzeGll7Jtsl1ryUPP/rA6wvRli04na37D1P4mlKka0qbjUKwYvbWTnqpW/mHRAQOmdXhX/l/762/FzsL9WF9Lw==",
          "requires": {
            "jsonschema": "^1.4.0",
            "semver": "^7.3.2"
          },
          "dependencies": {
            "jsonschema": {
              "version": "1.4.0",
              "bundled": true
            },
            "semver": {
              "version": "7.3.2",
              "bundled": true
            }
          }
        },
        "@aws-cdk/core": {
          "version": "1.87.0",
          "resolved": "https://registry.npmjs.org/@aws-cdk/core/-/core-1.87.0.tgz",
          "integrity": "sha512-G7oEGKSahwWjgMBLrCYD3uelDVfQuoHw84AcgtTHdugM9ncTAso+UZNGH2HzoSVLcGqzRKh+epXtBVjPb+b4aQ==",
          "requires": {
            "@aws-cdk/cloud-assembly-schema": "1.87.0",
            "@aws-cdk/cx-api": "1.87.0",
            "@aws-cdk/region-info": "1.87.0",
            "@balena/dockerignore": "^1.0.2",
            "constructs": "^3.2.0",
            "fs-extra": "^9.1.0",
            "ignore": "^5.1.8",
            "minimatch": "^3.0.4"
          },
          "dependencies": {
            "@balena/dockerignore": {
              "version": "1.0.2",
              "bundled": true
            },
            "at-least-node": {
              "version": "1.0.0",
              "bundled": true
            },
            "balanced-match": {
              "version": "1.0.0",
              "bundled": true
            },
            "brace-expansion": {
              "version": "1.1.11",
              "bundled": true,
              "requires": {
                "balanced-match": "^1.0.0",
                "concat-map": "0.0.1"
              }
            },
            "concat-map": {
              "version": "0.0.1",
              "bundled": true
            },
            "fs-extra": {
              "version": "9.1.0",
              "bundled": true,
              "requires": {
                "at-least-node": "^1.0.0",
                "graceful-fs": "^4.2.0",
                "jsonfile": "^6.0.1",
                "universalify": "^2.0.0"
              }
            },
            "graceful-fs": {
              "version": "4.2.4",
              "bundled": true
            },
            "ignore": {
              "version": "5.1.8",
              "bundled": true
            },
            "jsonfile": {
              "version": "6.1.0",
              "bundled": true,
              "requires": {
                "graceful-fs": "^4.1.6",
                "universalify": "^2.0.0"
              }
            },
            "minimatch": {
              "version": "3.0.4",
              "bundled": true,
              "requires": {
                "brace-expansion": "^1.1.7"
              }
            },
            "universalify": {
              "version": "2.0.0",
              "bundled": true
            }
          }
        },
        "@aws-cdk/cx-api": {
          "version": "1.87.0",
          "resolved": "https://registry.npmjs.org/@aws-cdk/cx-api/-/cx-api-1.87.0.tgz",
          "integrity": "sha512-UgxrUIGDd5XHCLqPWUPEVr1YtQdhXS3zs72unCUSqNEsKkOwC3g4Iz3BforNkHRcMubNgW/Ko8EFelUqMzhTtA==",
          "requires": {
            "@aws-cdk/cloud-assembly-schema": "1.87.0",
            "semver": "^7.3.2"
          },
          "dependencies": {
            "semver": {
              "version": "7.3.2",
              "bundled": true
            }
          }
        },
        "@aws-cdk/region-info": {
          "version": "1.87.0",
          "resolved": "https://registry.npmjs.org/@aws-cdk/region-info/-/region-info-1.87.0.tgz",
          "integrity": "sha512-7hNHmriuFlVoTlzV+SYZycDyVioFeMjwRxJ45V8F8WCizrz53BItr+6DBx+Ey+TKvUeHM7H1422VazptqVWrnw=="
        }
      }
    },
    "@aws-cdk/aws-logs": {
      "version": "1.87.0",
      "resolved": "https://registry.npmjs.org/@aws-cdk/aws-logs/-/aws-logs-1.87.0.tgz",
      "integrity": "sha512-fKAo3s4JvjR3p8LgvLLMQUv2u/UtU8N0FGwF7LRgf6whSuPv7DVPh23MsdQ45kFVo9wc6P9i9RTggtijC0lJLA==",
      "requires": {
        "@aws-cdk/aws-cloudwatch": "1.87.0",
        "@aws-cdk/aws-iam": "1.87.0",
        "@aws-cdk/aws-kms": "1.87.0",
        "@aws-cdk/aws-s3-assets": "1.87.0",
        "@aws-cdk/core": "1.87.0",
        "constructs": "^3.2.0"
      }
    },
    "@aws-cdk/aws-route53": {
      "version": "1.87.0",
      "resolved": "https://registry.npmjs.org/@aws-cdk/aws-route53/-/aws-route53-1.87.0.tgz",
      "integrity": "sha512-wUYIUUBbNCgQ0h2t/n9ZqUhAWkytx9dtIGIybPdWG0TA8QR0VbmR7chqnBi9X0gVoW76XX0yNig4b6raMIUqXw==",
      "requires": {
        "@aws-cdk/aws-ec2": "1.87.0",
        "@aws-cdk/aws-logs": "1.87.0",
        "@aws-cdk/cloud-assembly-schema": "1.87.0",
        "@aws-cdk/core": "1.87.0",
        "@aws-cdk/custom-resources": "1.87.0",
        "constructs": "^3.2.0"
      }
    },
    "@aws-cdk/aws-s3": {
      "version": "1.87.0",
      "resolved": "https://registry.npmjs.org/@aws-cdk/aws-s3/-/aws-s3-1.87.0.tgz",
      "integrity": "sha512-vHyGk6vpD7tdBIRpWatNgXvkAN1PCMvVPP0U0YKBI1SRjjcxWfbdsI9UFsf62NkXkc+nrb69S/y5ccm2XnaIew==",
      "requires": {
        "@aws-cdk/aws-events": "1.87.0",
        "@aws-cdk/aws-iam": "1.87.0",
        "@aws-cdk/aws-kms": "1.87.0",
        "@aws-cdk/core": "1.87.0",
        "@aws-cdk/cx-api": "1.87.0",
        "constructs": "^3.2.0"
      }
    },
    "@aws-cdk/aws-s3-assets": {
      "version": "1.87.0",
      "resolved": "https://registry.npmjs.org/@aws-cdk/aws-s3-assets/-/aws-s3-assets-1.87.0.tgz",
      "integrity": "sha512-xBAMaBJ7sQ8yqMj64G0ZvDF6rynKsSqwp5kK22N+Vbsuj1drtuE7CVawpnB0JjdnwPdF+cIlHpjYIm3wfFT19g==",
      "requires": {
        "@aws-cdk/assets": "1.87.0",
        "@aws-cdk/aws-iam": "1.87.0",
        "@aws-cdk/aws-kms": "1.87.0",
        "@aws-cdk/aws-s3": "1.87.0",
        "@aws-cdk/core": "1.87.0",
        "@aws-cdk/cx-api": "1.87.0",
        "constructs": "^3.2.0"
      }
    },
    "@aws-cdk/aws-sns": {
      "version": "1.87.0",
      "resolved": "https://registry.npmjs.org/@aws-cdk/aws-sns/-/aws-sns-1.87.0.tgz",
      "integrity": "sha512-WkrWcWhAVdtHWz9HbR4AwGxkxwXOr6V28/2K7c8yiMMPVhK1+jEcoC+6cgTsrAsHUfUnUxWMdwmJsno4/QTgdA==",
      "requires": {
        "@aws-cdk/aws-cloudwatch": "1.87.0",
        "@aws-cdk/aws-events": "1.87.0",
        "@aws-cdk/aws-iam": "1.87.0",
        "@aws-cdk/aws-kms": "1.87.0",
        "@aws-cdk/aws-sqs": "1.87.0",
        "@aws-cdk/core": "1.87.0",
        "constructs": "^3.2.0"
      }
    },
    "@aws-cdk/aws-sqs": {
      "version": "1.87.0",
      "resolved": "https://registry.npmjs.org/@aws-cdk/aws-sqs/-/aws-sqs-1.87.0.tgz",
      "integrity": "sha512-iMC2bMlm0zClKk2zEmVEOFCimj6VLY3KcghNdaXLmTGPdY2O27JcA+qEmQaOf4afXL0ykkyEQUPiTdHnnqsKLg==",
      "requires": {
        "@aws-cdk/aws-cloudwatch": "1.87.0",
        "@aws-cdk/aws-iam": "1.87.0",
        "@aws-cdk/aws-kms": "1.87.0",
        "@aws-cdk/core": "1.87.0",
        "constructs": "^3.2.0"
      }
    },
    "@aws-cdk/aws-ssm": {
      "version": "1.87.0",
      "resolved": "https://registry.npmjs.org/@aws-cdk/aws-ssm/-/aws-ssm-1.87.0.tgz",
      "integrity": "sha512-FSugBXMKj7yqWIqT5mb1Nyis7w59K2QVe3M5gpXCBizADAQU/y0CL3wW7r9sJ3jixWLVGj0G2qm0PgnhIUUOcg==",
      "requires": {
        "@aws-cdk/aws-iam": "1.87.0",
        "@aws-cdk/aws-kms": "1.87.0",
        "@aws-cdk/cloud-assembly-schema": "1.87.0",
        "@aws-cdk/core": "1.87.0",
        "constructs": "^3.2.0"
      }
    },
    "@aws-cdk/cloud-assembly-schema": {
      "version": "1.87.0",
      "resolved": "https://registry.npmjs.org/@aws-cdk/cloud-assembly-schema/-/cloud-assembly-schema-1.87.0.tgz",
      "integrity": "sha512-GzeGll7Jtsl1ryUPP/rA6wvRli04na37D1P4mlKka0qbjUKwYvbWTnqpW/mHRAQOmdXhX/l/762/FzsL9WF9Lw==",
      "requires": {
        "jsonschema": "^1.4.0",
        "semver": "^7.3.2"
      },
      "dependencies": {
        "jsonschema": {
          "version": "1.4.0",
          "bundled": true
        },
        "semver": {
          "version": "7.3.2",
          "bundled": true
        }
      }
    },
    "@aws-cdk/core": {
      "version": "1.87.0",
      "resolved": "https://registry.npmjs.org/@aws-cdk/core/-/core-1.87.0.tgz",
      "integrity": "sha512-G7oEGKSahwWjgMBLrCYD3uelDVfQuoHw84AcgtTHdugM9ncTAso+UZNGH2HzoSVLcGqzRKh+epXtBVjPb+b4aQ==",
      "requires": {
        "@aws-cdk/cloud-assembly-schema": "1.87.0",
        "@aws-cdk/cx-api": "1.87.0",
        "@aws-cdk/region-info": "1.87.0",
        "@balena/dockerignore": "^1.0.2",
        "constructs": "^3.2.0",
        "fs-extra": "^9.1.0",
        "ignore": "^5.1.8",
        "minimatch": "^3.0.4"
      },
      "dependencies": {
        "@balena/dockerignore": {
          "version": "1.0.2",
          "bundled": true
        },
        "at-least-node": {
          "version": "1.0.0",
          "bundled": true
        },
        "balanced-match": {
          "version": "1.0.0",
          "bundled": true
        },
        "brace-expansion": {
          "version": "1.1.11",
          "bundled": true,
          "requires": {
            "balanced-match": "^1.0.0",
            "concat-map": "0.0.1"
          }
        },
        "concat-map": {
          "version": "0.0.1",
          "bundled": true
        },
        "fs-extra": {
          "version": "9.1.0",
          "bundled": true,
          "requires": {
            "at-least-node": "^1.0.0",
            "graceful-fs": "^4.2.0",
            "jsonfile": "^6.0.1",
            "universalify": "^2.0.0"
          }
        },
        "graceful-fs": {
          "version": "4.2.4",
          "bundled": true
        },
        "ignore": {
          "version": "5.1.8",
          "bundled": true
        },
        "jsonfile": {
          "version": "6.1.0",
          "bundled": true,
          "requires": {
            "graceful-fs": "^4.1.6",
            "universalify": "^2.0.0"
          }
        },
        "minimatch": {
          "version": "3.0.4",
          "bundled": true,
          "requires": {
            "brace-expansion": "^1.1.7"
          }
        },
        "universalify": {
          "version": "2.0.0",
          "bundled": true
        }
      }
    },
    "@aws-cdk/custom-resources": {
      "version": "1.87.0",
      "resolved": "https://registry.npmjs.org/@aws-cdk/custom-resources/-/custom-resources-1.87.0.tgz",
      "integrity": "sha512-Rz1RTE0f2wR5V+DtxgoZfyyXD5mQUFnc83MVlyevhZZiz08E/2Vsu+aY5jdryiS6mYNh+OgxIFxwh6kopiEC0Q==",
      "requires": {
        "@aws-cdk/aws-cloudformation": "1.87.0",
        "@aws-cdk/aws-ec2": "1.87.0",
        "@aws-cdk/aws-iam": "1.87.0",
        "@aws-cdk/aws-lambda": "1.87.0",
        "@aws-cdk/aws-logs": "1.87.0",
        "@aws-cdk/aws-sns": "1.87.0",
        "@aws-cdk/core": "1.87.0",
        "constructs": "^3.2.0"
      }
    },
    "@aws-cdk/cx-api": {
      "version": "1.87.0",
      "resolved": "https://registry.npmjs.org/@aws-cdk/cx-api/-/cx-api-1.87.0.tgz",
      "integrity": "sha512-UgxrUIGDd5XHCLqPWUPEVr1YtQdhXS3zs72unCUSqNEsKkOwC3g4Iz3BforNkHRcMubNgW/Ko8EFelUqMzhTtA==",
      "requires": {
        "@aws-cdk/cloud-assembly-schema": "1.87.0",
        "semver": "^7.3.2"
      },
      "dependencies": {
        "semver": {
          "version": "7.3.2",
          "bundled": true
        }
      }
    },
    "@aws-cdk/region-info": {
      "version": "1.87.0",
      "resolved": "https://registry.npmjs.org/@aws-cdk/region-info/-/region-info-1.87.0.tgz",
      "integrity": "sha512-7hNHmriuFlVoTlzV+SYZycDyVioFeMjwRxJ45V8F8WCizrz53BItr+6DBx+Ey+TKvUeHM7H1422VazptqVWrnw=="
    },
    "@types/node": {
      "version": "14.14.22",
      "resolved": "https://registry.npmjs.org/@types/node/-/node-14.14.22.tgz",
      "integrity": "sha512-g+f/qj/cNcqKkc3tFqlXOYjrmZA+jNBiDzbP3kH+B+otKFqAdPgVTGP1IeKRdMml/aE69as5S4FqtxAbl+LaMw==",
      "dev": true
    },
    "agent-base": {
      "version": "6.0.2",
      "resolved": "https://registry.npmjs.org/agent-base/-/agent-base-6.0.2.tgz",
      "integrity": "sha512-RZNwNclF7+MS/8bDg70amg32dyeZGZxiDuQmZxKLAlQjr3jGyLx+4Kkk58UO7D2QdgFIQCovuSuZESne6RG6XQ==",
      "requires": {
        "debug": "4"
      },
      "dependencies": {
        "debug": {
          "version": "4.3.1",
          "resolved": "https://registry.npmjs.org/debug/-/debug-4.3.1.tgz",
          "integrity": "sha512-doEwdvm4PCeK4K3RQN2ZC2BYUBaxwLARCqZmMjtF8a51J2Rb0xpVloFRnCODwqjpwnAoao4pelN8l3RJdv3gRQ==",
          "requires": {
            "ms": "2.1.2"
          }
        },
        "ms": {
          "version": "2.1.2",
          "resolved": "https://registry.npmjs.org/ms/-/ms-2.1.2.tgz",
          "integrity": "sha512-sGkPx+VjMtmA6MX27oA4FBFELFCZZ4S4XqeGOXCv68tT+jb3vk/RyaKWP0PTKyWtmLSM0b+adUTEvbs1PEaH2w=="
        }
      }
    },
    "constructs": {
      "version": "3.2.113",
      "resolved": "https://registry.npmjs.org/constructs/-/constructs-3.2.113.tgz",
      "integrity": "sha512-yNq5+bZFzNuygzC0nTbJ9cfktMTF7EwUerHWHSc+2sxJELhA5C2j/Ucu+fHmKIr+3TF6j2JCJiK/mO0SoRkdSQ=="
    },
    "dotenv": {
      "version": "8.2.0",
      "resolved": "https://registry.npmjs.org/dotenv/-/dotenv-8.2.0.tgz",
      "integrity": "sha512-8sJ78ElpbDJBHNeBzUbUVLsqKdccaa/BXF1uPTw3GrvQTBgrQrtObr2mUrE38vzYd8cEv+m/JBfDLioYcfXoaw=="
    },
    "esbuild": {
      "version": "0.8.36",
      "resolved": "https://registry.npmjs.org/esbuild/-/esbuild-0.8.36.tgz",
      "integrity": "sha512-kcUQB61Tf8rLJ3mOwP2ruWi/iFufaQcEs4No+JA6e7W2kMOtFExOsbyeFpEF6zNacwk2RF5fYUz5jfZwgn/SJg==",
      "dev": true
    },
    "fast-deep-equal": {
      "version": "3.1.3",
      "resolved": "https://registry.npmjs.org/fast-deep-equal/-/fast-deep-equal-3.1.3.tgz",
      "integrity": "sha512-f3qQ9oQy9j2AhBe/H9VC91wLmKBCCU/gDOnKNAYG5hswO7BLKj09Hc5HYNz9cGI++xlpDCIgDaitVs03ATR84Q=="
    },
    "https-proxy-agent": {
      "version": "5.0.0",
      "resolved": "https://registry.npmjs.org/https-proxy-agent/-/https-proxy-agent-5.0.0.tgz",
      "integrity": "sha512-EkYm5BcKUGiduxzSt3Eppko+PiNWNEpa4ySk9vTC6wDsQJW9rHSa+UhGNJoRYp7bz6Ht1eaRIa6QaJqO5rCFbA==",
      "requires": {
        "agent-base": "6",
        "debug": "4"
      },
      "dependencies": {
        "debug": {
          "version": "4.3.1",
          "resolved": "https://registry.npmjs.org/debug/-/debug-4.3.1.tgz",
          "integrity": "sha512-doEwdvm4PCeK4K3RQN2ZC2BYUBaxwLARCqZmMjtF8a51J2Rb0xpVloFRnCODwqjpwnAoao4pelN8l3RJdv3gRQ==",
          "requires": {
            "ms": "2.1.2"
          }
        },
        "ms": {
          "version": "2.1.2",
          "resolved": "https://registry.npmjs.org/ms/-/ms-2.1.2.tgz",
          "integrity": "sha512-sGkPx+VjMtmA6MX27oA4FBFELFCZZ4S4XqeGOXCv68tT+jb3vk/RyaKWP0PTKyWtmLSM0b+adUTEvbs1PEaH2w=="
        }
      }
    },
    "switchover-js-core": {
      "version": "1.2.4",
      "resolved": "https://registry.npmjs.org/switchover-js-core/-/switchover-js-core-1.2.4.tgz",
      "integrity": "sha512-NibdWj56gHkjE8GvWOdc2Gom+7kK5iN6vvVrLd18tE0iQcazXbh+LZm5gcyerxNW8EfXd6A1tPX89G8KSTy+oQ==",
      "requires": {
        "fast-deep-equal": "^3.1.3"
      }
    },
    "switchover-node-sdk": {
      "version": "1.2.1",
      "resolved": "https://registry.npmjs.org/switchover-node-sdk/-/switchover-node-sdk-1.2.1.tgz",
      "integrity": "sha512-GB1gyJPxx0Lj0vJbwie5VFz/QU4Gr0JUSVJ/7GjXSWqWnX75vmqkpfk4Qylp6f/hkU1fdSJIfuwEGmnGEhh+DA==",
      "requires": {
        "https-proxy-agent": "^5.0.0",
        "switchover-js-core": "^1.2.4"
      }
    },
    "typescript": {
      "version": "4.1.3",
      "resolved": "https://registry.npmjs.org/typescript/-/typescript-4.1.3.tgz",
      "integrity": "sha512-B3ZIOf1IKeH2ixgHhj6la6xdwR9QrLC5d1VKeCSY4tvkqhF2eqd9O7txNlS0PO3GrBAFIdr3L1ndNwteUbZLYg=="
    }
  }
}
